{
  "requires": true,
  "lockfileVersion": 1,
  "dependencies": {
    "react-stacked-carousel": {
      "version": "1.1.2",
      "resolved": "https://registry.npmjs.org/react-stacked-carousel/-/react-stacked-carousel-1.1.2.tgz",
      "integrity": "sha512-cL78XHCVsZoG7qed676wG8yp38ovl1OapVtEDqxjYVu2xg+qX2vKY9WMkeoE0YpbrueF+2jRYfpxkND+bFhs7Q=="
    },
    "resize-observer-polyfill": {
      "version": "1.5.1",
      "resolved": "https://registry.npmjs.org/resize-observer-polyfill/-/resize-observer-polyfill-1.5.1.tgz",
      "integrity": "sha512-LwZrotdHOo12nQuZlHEmtuXdqGoOD0OhaxopaNFxWzInpEgaLWoVuAMbTzixuosCx2nEG58ngzW3vxdWoxIgdg=="
    },
    "throttle-debounce": {
      "version": "1.1.0",
      "resolved": "https://registry.npmjs.org/throttle-debounce/-/throttle-debounce-1.1.0.tgz",
      "integrity": "sha512-XH8UiPCQcWNuk2LYePibW/4qL97+ZQ1AN3FNXwZRBNPPowo/NRU5fAlDCSNBJIYCKbioZfuYtMhG4quqoJhVzg=="
    },
    "vue-carousel-card": {
      "version": "2.0.0",
      "resolved": "https://registry.npmjs.org/vue-carousel-card/-/vue-carousel-card-2.0.0.tgz",
      "integrity": "sha512-R/xte5/KKjZ5fiR/qND7TNI9JDU24nEjMuEfR/yRpLNQEehecFAhYrXSfo9RcwL2AVAEv2kcwCoxR5I144hEWg==",
      "requires": {
        "resize-observer-polyfill": "^1.5.0",
        "throttle-debounce": "^1.0.1"
      }
    }
  }
}
